
Microsoft Visual Studio Solution File, Format Version 12.00
# Visual Studio Version 17
VisualStudioVersion = 17.9.34714.143
MinimumVisualStudioVersion = 10.0.40219.1
Project("{FAE04EC0-301F-11D3-BF4B-00C04F79EFBC}") = "CSVDataManager", "CSVDataManager.csproj", "{5F031D48-3C2C-46D6-9A03-621D1CBC11A4}"
EndProject
Global
	GlobalSection(SolutionConfigurationPlatforms) = preSolution
		Debug|Any CPU = Debug|Any CPU
		Release|Any CPU = Release|Any CPU
	EndGlobalSection
	GlobalSection(ProjectConfigurationPlatforms) = postSolution
		{5F031D48-3C2C-46D6-9A03-621D1CBC11A4}.Debug|Any CPU.ActiveCfg = Debug|Any CPU
		{5F031D48-3C2C-46D6-9A03-621D1CBC11A4}.Debug|Any CPU.Build.0 = Debug|Any CPU
		{5F031D48-3C2C-46D6-9A03-621D1CBC11A4}.Release|Any CPU.ActiveCfg = Release|Any CPU
		{5F031D48-3C2C-46D6-9A03-621D1CBC11A4}.Release|Any CPU.Build.0 = Release|Any CPU
	EndGlobalSection
	GlobalSection(SolutionProperties) = preSolution
		HideSolutionNode = FALSE
	EndGlobalSection
	GlobalSection(ExtensibilityGlobals) = postSolution
		SolutionGuid = {FE5BE0EC-299C-46D7-AE53-1DB5B28F53E6}
	EndGlobalSection
EndGlobal
